
Microsoft Visual Studio Solution File, Format Version 12.00
# Visual Studio Version 17
VisualStudioVersion = 17.3.32929.385
MinimumVisualStudioVersion = 10.0.40219.1
Project("{FAE04EC0-301F-11D3-BF4B-00C04F79EFBC}") = "ml_yolov7", "ml_yolov7\ml_yolov7.csproj", "{DC3D811A-F2ED-4013-A5E5-B64E6AA21E0C}"
EndProject
Global
	GlobalSection(SolutionConfigurationPlatforms) = preSolution
		Debug|Any CPU = Debug|Any CPU
		Release|Any CPU = Release|Any CPU
	EndGlobalSection
	GlobalSection(ProjectConfigurationPlatforms) = postSolution
		{DC3D811A-F2ED-4013-A5E5-B64E6AA21E0C}.Debug|Any CPU.ActiveCfg = Debug|Any CPU
		{DC3D811A-F2ED-4013-A5E5-B64E6AA21E0C}.Debug|Any CPU.Build.0 = Debug|Any CPU
		{DC3D811A-F2ED-4013-A5E5-B64E6AA21E0C}.Release|Any CPU.ActiveCfg = Release|Any CPU
		{DC3D811A-F2ED-4013-A5E5-B64E6AA21E0C}.Release|Any CPU.Build.0 = Release|Any CPU
	EndGlobalSection
	GlobalSection(SolutionProperties) = preSolution
		HideSolutionNode = FALSE
	EndGlobalSection
	GlobalSection(ExtensibilityGlobals) = postSolution
		SolutionGuid = {3316E56B-3844-4E27-93C0-0F515215D029}
	EndGlobalSection
EndGlobal
